{
  "name": "booogle-robot-shop",
  "version": "1.0.0",
  "lockfileVersion": 3,
  "requires": true,
  "packages": {
    "": {
      "name": "booogle-robot-shop",
      "version": "1.0.0",
      "license": "ISC",
      "dependencies": {
        "openmct": "^3.1.1"
      }
    },
    "node_modules/openmct": {
      "version": "3.1.1",
      "resolved": "https://registry.npmjs.org/openmct/-/openmct-3.1.1.tgz",
      "integrity": "sha512-BUc+lNPj8ENqbqEBcK48RdF/5QGz9m/qj12kea8LMHPaUOYsOt0IojGE9/nrkyYuEIeX7H3eqmo+X8smSF0p7A==",
      "engines": {
        "node": ">=16.19.1 <20"
      }
    }
  }
}
