{
  "name": "booogle-robot-shop",
  "version": "1.0.0",
  "lockfileVersion": 3,
  "requires": true,
  "packages": {
    "": {
      "name": "booogle-robot-shop",
      "version": "1.0.0",
      "license": "ISC",
      "dependencies": {
        "openmct": "^3.0.2"
      }
    },
    "node_modules/openmct": {
      "version": "3.0.2",
      "resolved": "https://registry.npmjs.org/openmct/-/openmct-3.0.2.tgz",
      "integrity": "sha512-gKCV0aLXGSyF4bJGPmQnR9I580KpsS6m8DaW3cSvdKGYNyd5d71CgjjXGU7MRe/c7dObXZo/J92WPT4OIerPKw==",
      "engines": {
        "node": ">=16.19.1 <20"
      }
    }
  }
}
